// !$*UTF8*$!
{
	archiveVersion = 1;
	classes = {
	};
	objectVersion = 46;
	objects = {

/* Begin PBXBuildFile section */
		63C8E1301AF090F600EA230A /* AppDelegate.swift in Sources */ = {isa = PBXBuildFile; fileRef = 63C8E12F1AF090F600EA230A /* AppDelegate.swift */; };
		63C8E1321AF090F600EA230A /* ViewController.swift in Sources */ = {isa = PBXBuildFile; fileRef = 63C8E1311AF090F600EA230A /* ViewController.swift */; };
		63C8E1351AF090F600EA230A /* Main.storyboard in Resources */ = {isa = PBXBuildFile; fileRef = 63C8E1331AF090F600EA230A /* Main.storyboard */; };
		63C8E1371AF090F600EA230A /* Images.xcassets in Resources */ = {isa = PBXBuildFile; fileRef = 63C8E1361AF090F600EA230A /* Images.xcassets */; };
		63C8E13A1AF090F600EA230A /* LaunchScreen.xib in Resources */ = {isa = PBXBuildFile; fileRef = 63C8E1381AF090F600EA230A /* LaunchScreen.xib */; };
		63C8E1461AF090F600EA230A /* MagicAppSingleTests.swift in Sources */ = {isa = PBXBuildFile; fileRef = 63C8E1451AF090F600EA230A /* MagicAppSingleTests.swift */; };
/* End PBXBuildFile section */

/* Begin PBXContainerItemProxy section */
		63C8E1401AF090F600EA230A /* PBXContainerItemProxy */ = {
			isa = PBXContainerItemProxy;
			containerPortal = 63C8E1221AF090F600EA230A /* Project object */;
			proxyType = 1;
			remoteGlobalIDString = 63C8E1291AF090F600EA230A;
			remoteInfo = MagicAppSingle;
		};
/* End PBXContainerItemProxy section */

/* Begin PBXFileReference section */
		63C8E12A1AF090F600EA230A /* MagicAppSingle.app */ = {isa = PBXFileReference; explicitFileType = wrapper.application; includeInIndex = 0; path = MagicAppSingle.app; sourceTree = BUILT_PRODUCTS_DIR; };
		63C8E12E1AF090F600EA230A /* Info.plist */ = {isa = PBXFileReference; lastKnownFileType = text.plist.xml; path = Info.plist; sourceTree = "<group>"; };
		63C8E12F1AF090F600EA230A /* AppDelegate.swift */ = {isa = PBXFileReference; lastKnownFileType = sourcecode.swift; path = AppDelegate.swift; sourceTree = "<group>"; };
		63C8E1311AF090F600EA230A /* ViewController.swift */ = {isa = PBXFileReference; lastKnownFileType = sourcecode.swift; path = ViewController.swift; sourceTree = "<group>"; };
		63C8E1341AF090F600EA230A /* Base */ = {isa = PBXFileReference; lastKnownFileType = file.storyboard; name = Base; path = Base.lproj/Main.storyboard; sourceTree = "<group>"; };
		63C8E1361AF090F600EA230A /* Images.xcassets */ = {isa = PBXFileReference; lastKnownFileType = folder.assetcatalog; path = Images.xcassets; sourceTree = "<group>"; };
		63C8E1391AF090F600EA230A /* Base */ = {isa = PBXFileReference; lastKnownFileType = file.xib; name = Base; path = Base.lproj/LaunchScreen.xib; sourceTree = "<group>"; };
		63C8E13F1AF090F600EA230A /* MagicAppSingleTests.xctest */ = {isa = PBXFileReference; explicitFileType = wrapper.cfbundle; includeInIndex = 0; path = MagicAppSingleTests.xctest; sourceTree = BUILT_PRODUCTS_DIR; };
		63C8E1441AF090F600EA230A /* Info.plist */ = {isa = PBXFileReference; lastKnownFileType = text.plist.xml; path = Info.plist; sourceTree = "<group>"; };
		63C8E1451AF090F600EA230A /* MagicAppSingleTests.swift */ = {isa = PBXFileReference; lastKnownFileType = sourcecode.swift; path = MagicAppSingleTests.swift; sourceTree = "<group>"; };
/* End PBXFileReference section */

/* Begin PBXFrameworksBuildPhase section */
		63C8E1271AF090F600EA230A /* Frameworks */ = {
			isa = PBXFrameworksBuildPhase;
			buildActionMask = 2147483647;
			files = (
			);
			runOnlyForDeploymentPostprocessing = 0;
		};
		63C8E13C1AF090F600EA230A /* Frameworks */ = {
			isa = PBXFrameworksBuildPhase;
			buildActionMask = 2147483647;
			files = (
			);
			runOnlyForDeploymentPostprocessing = 0;
		};
/* End PBXFrameworksBuildPhase section */

/* Begin PBXGroup section */
		63C8E1211AF090F600EA230A = {
			isa = PBXGroup;
			children = (
				63C8E12C1AF090F600EA230A /* MagicAppSingle */,
				63C8E1421AF090F600EA230A /* MagicAppSingleTests */,
				63C8E12B1AF090F600EA230A /* Products */,
			);
			sourceTree = "<group>";
		};
		63C8E12B1AF090F600EA230A /* Products */ = {
			isa = PBXGroup;
			children = (
				63C8E12A1AF090F600EA230A /* MagicAppSingle.app */,
				63C8E13F1AF090F600EA230A /* MagicAppSingleTests.xctest */,
			);
			name = Products;
			sourceTree = "<group>";
		};
		63C8E12C1AF090F600EA230A /* MagicAppSingle */ = {
			isa = PBXGroup;
			children = (
				63C8E12F1AF090F600EA230A /* AppDelegate.swift */,
				63C8E1311AF090F600EA230A /* ViewController.swift */,
				63C8E1331AF090F600EA230A /* Main.storyboard */,
				63C8E1361AF090F600EA230A /* Images.xcassets */,
				63C8E1381AF090F600EA230A /* LaunchScreen.xib */,
				63C8E12D1AF090F600EA230A /* Supporting Files */,
			);
			path = MagicAppSingle;
			sourceTree = "<group>";
		};
		63C8E12D1AF090F600EA230A /* Supporting Files */ = {
			isa = PBXGroup;
			children = (
				63C8E12E1AF090F600EA230A /* Info.plist */,
			);
			name = "Supporting Files";
			sourceTree = "<group>";
		};
		63C8E1421AF090F600EA230A /* MagicAppSingleTests */ = {
			isa = PBXGroup;
			children = (
				63C8E1451AF090F600EA230A /* MagicAppSingleTests.swift */,
				63C8E1431AF090F600EA230A /* Supporting Files */,
			);
			path = MagicAppSingleTests;
			sourceTree = "<group>";
		};
		63C8E1431AF090F600EA230A /* Supporting Files */ = {
			isa = PBXGroup;
			children = (
				63C8E1441AF090F600EA230A /* Info.plist */,
			);
			name = "Supporting Files";
			sourceTree = "<group>";
		};
/* End PBXGroup section */

/* Begin PBXNativeTarget section */
		63C8E1291AF090F600EA230A /* MagicAppSingle */ = {
			isa = PBXNativeTarget;
			buildConfigurationList = 63C8E1491AF090F600EA230A /* Build configuration list for PBXNativeTarget "MagicAppSingle" */;
			buildPhases = (
				63C8E1261AF090F600EA230A /* Sources */,
				63C8E1271AF090F600EA230A /* Frameworks */,
				63C8E1281AF090F600EA230A /* Resources */,
			);
			buildRules = (
			);
			dependencies = (
			);
			name = MagicAppSingle;
			productName = MagicAppSingle;
			productReference = 63C8E12A1AF090F600EA230A /* MagicAppSingle.app */;
			productType = "com.apple.product-type.application";
		};
		63C8E13E1AF090F600EA230A /* MagicAppSingleTests */ = {
			isa = PBXNativeTarget;
			buildConfigurationList = 63C8E14C1AF090F600EA230A /* Build configuration list for PBXNativeTarget "MagicAppSingleTests" */;
			buildPhases = (
				63C8E13B1AF090F600EA230A /* Sources */,
				63C8E13C1AF090F600EA230A /* Frameworks */,
				63C8E13D1AF090F600EA230A /* Resources */,
			);
			buildRules = (
			);
			dependencies = (
				63C8E1411AF090F600EA230A /* PBXTargetDependency */,
			);
			name = MagicAppSingleTests;
			productName = MagicAppSingleTests;
			productReference = 63C8E13F1AF090F600EA230A /* MagicAppSingleTests.xctest */;
			productType = "com.apple.product-type.bundle.unit-test";
		};
/* End PBXNativeTarget section */

/* Begin PBXProject section */
		63C8E1221AF090F600EA230A /* Project object */ = {
			isa = PBXProject;
			attributes = {
				LastUpgradeCheck = 0630;
				ORGANIZATIONNAME = "David Iacono";
				TargetAttributes = {
					63C8E1291AF090F600EA230A = {
						CreatedOnToolsVersion = 6.3.1;
					};
					63C8E13E1AF090F600EA230A = {
						CreatedOnToolsVersion = 6.3.1;
						TestTargetID = 63C8E1291AF090F600EA230A;
					};
				};
			};
			buildConfigurationList = 63C8E1251AF090F600EA230A /* Build configuration list for PBXProject "MagicAppSingle" */;
			compatibilityVersion = "Xcode 3.2";
			developmentRegion = English;
			hasScannedForEncodings = 0;
			knownRegions = (
				en,
				Base,
			);
			mainGroup = 63C8E1211AF090F600EA230A;
			productRefGroup = 63C8E12B1AF090F600EA230A /* Products */;
			projectDirPath = "";
			projectRoot = "";
			targets = (
				63C8E1291AF090F600EA230A /* MagicAppSingle */,
				63C8E13E1AF090F600EA230A /* MagicAppSingleTests */,
			);
		};
/* End PBXProject section */

/* Begin PBXResourcesBuildPhase section */
		63C8E1281AF090F600EA230A /* Resources */ = {
			isa = PBXResourcesBuildPhase;
			buildActionMask = 2147483647;
			files = (
				63C8E1351AF090F600EA230A /* Main.storyboard in Resources */,
				63C8E13A1AF090F600EA230A /* LaunchScreen.xib in Resources */,
				63C8E1371AF090F600EA230A /* Images.xcassets in Resources */,
			);
			runOnlyForDeploymentPostprocessing = 0;
		};
		63C8E13D1AF090F600EA230A /* Resources */ = {
			isa = PBXResourcesBuildPhase;
			buildActionMask = 2147483647;
			files = (
			);
			runOnlyForDeploymentPostprocessing = 0;
		};
/* End PBXResourcesBuildPhase section */

/* Begin PBXSourcesBuildPhase section */
		63C8E1261AF090F600EA230A /* Sources */ = {
			isa = PBXSourcesBuildPhase;
			buildActionMask = 2147483647;
			files = (
				63C8E1321AF090F600EA230A /* ViewController.swift in Sources */,
				63C8E1301AF090F600EA230A /* AppDelegate.swift in Sources */,
			);
			runOnlyForDeploymentPostprocessing = 0;
		};
		63C8E13B1AF090F600EA230A /* Sources */ = {
			isa = PBXSourcesBuildPhase;
			buildActionMask = 2147483647;
			files = (
				63C8E1461AF090F600EA230A /* MagicAppSingleTests.swift in Sources */,
			);
			runOnlyForDeploymentPostprocessing = 0;
		};
/* End PBXSourcesBuildPhase section */

/* Begin PBXTargetDependency section */
		63C8E1411AF090F600EA230A /* PBXTargetDependency */ = {
			isa = PBXTargetDependency;
			target = 63C8E1291AF090F600EA230A /* MagicAppSingle */;
			targetProxy = 63C8E1401AF090F600EA230A /* PBXContainerItemProxy */;
		};
/* End PBXTargetDependency section */

/* Begin PBXVariantGroup section */
		63C8E1331AF090F600EA230A /* Main.storyboard */ = {
			isa = PBXVariantGroup;
			children = (
				63C8E1341AF090F600EA230A /* Base */,
			);
			name = Main.storyboard;
			sourceTree = "<group>";
		};
		63C8E1381AF090F600EA230A /* LaunchScreen.xib */ = {
			isa = PBXVariantGroup;
			children = (
				63C8E1391AF090F600EA230A /* Base */,
			);
			name = LaunchScreen.xib;
			sourceTree = "<group>";
		};
/* End PBXVariantGroup section */

/* Begin XCBuildConfiguration section */
		63C8E1471AF090F600EA230A /* Debug */ = {
			isa = XCBuildConfiguration;
			buildSettings = {
				ALWAYS_SEARCH_USER_PATHS = NO;
				CLANG_CXX_LANGUAGE_STANDARD = "gnu++0x";
				CLANG_CXX_LIBRARY = "libc++";
				CLANG_ENABLE_MODULES = YES;
				CLANG_ENABLE_OBJC_ARC = YES;
				CLANG_WARN_BOOL_CONVERSION = YES;
				CLANG_WARN_CONSTANT_CONVERSION = YES;
				CLANG_WARN_DIRECT_OBJC_ISA_USAGE = YES_ERROR;
				CLANG_WARN_EMPTY_BODY = YES;
				CLANG_WARN_ENUM_CONVERSION = YES;
				CLANG_WARN_INT_CONVERSION = YES;
				CLANG_WARN_OBJC_ROOT_CLASS = YES_ERROR;
				CLANG_WARN_UNREACHABLE_CODE = YES;
				CLANG_WARN__DUPLICATE_METHOD_MATCH = YES;
				"CODE_SIGN_IDENTITY[sdk=iphoneos*]" = "iPhone Developer";
				COPY_PHASE_STRIP = NO;
				DEBUG_INFORMATION_FORMAT = "dwarf-with-dsym";
				ENABLE_STRICT_OBJC_MSGSEND = YES;
				GCC_C_LANGUAGE_STANDARD = gnu99;
				GCC_DYNAMIC_NO_PIC = NO;
				GCC_NO_COMMON_BLOCKS = YES;
				GCC_OPTIMIZATION_LEVEL = 0;
				GCC_PREPROCESSOR_DEFINITIONS = (
					"DEBUG=1",
					"$(inherited)",
				);
				GCC_SYMBOLS_PRIVATE_EXTERN = NO;
				GCC_WARN_64_TO_32_BIT_CONVERSION = YES;
				GCC_WARN_ABOUT_RETURN_TYPE = YES_ERROR;
				GCC_WARN_UNDECLARED_SELECTOR = YES;
				GCC_WARN_UNINITIALIZED_AUTOS = YES_AGGRESSIVE;
				GCC_WARN_UNUSED_FUNCTION = YES;
				GCC_WARN_UNUSED_VARIABLE = YES;
				IPHONEOS_DEPLOYMENT_TARGET = 8.3;
				MTL_ENABLE_DEBUG_INFO = YES;
				ONLY_ACTIVE_ARCH = YES;
				SDKROOT = iphoneos;
				SWIFT_OPTIMIZATION_LEVEL = "-Onone";
			};
			name = Debug;
		};
		63C8E1481AF090F600EA230A /* Release */ = {
			isa = XCBuildConfiguration;
			buildSettings = {
				ALWAYS_SEARCH_USER_PATHS = NO;
				CLANG_CXX_LANGUAGE_STANDARD = "gnu++0x";
				CLANG_CXX_LIBRARY = "libc++";
				CLANG_ENABLE_MODULES = YES;
				CLANG_ENABLE_OBJC_ARC = YES;
				CLANG_WARN_BOOL_CONVERSION = YES;
				CLANG_WARN_CONSTANT_CONVERSION = YES;
				CLANG_WARN_DIRECT_OBJC_ISA_USAGE = YES_ERROR;
				CLANG_WARN_EMPTY_BODY = YES;
				CLANG_WARN_ENUM_CONVERSION = YES;
				CLANG_WARN_INT_CONVERSION = YES;
				CLANG_WARN_OBJC_ROOT_CLASS = YES_ERROR;
				CLANG_WARN_UNREACHABLE_CODE = YES;
				CLANG_WARN__DUPLICATE_METHOD_MATCH = YES;
				"CODE_SIGN_IDENTITY[sdk=iphoneos*]" = "iPhone Developer";
				COPY_PHASE_STRIP = NO;
				DEBUG_INFORMATION_FORMAT = "dwarf-with-dsym";
				ENABLE_NS_ASSERTIONS = NO;
				ENABLE_STRICT_OBJC_MSGSEND = YES;
				GCC_C_LANGUAGE_STANDARD = gnu99;
				GCC_NO_COMMON_BLOCKS = YES;
				GCC_WARN_64_TO_32_BIT_CONVERSION = YES;
				GCC_WARN_ABOUT_RETURN_TYPE = YES_ERROR;
				GCC_WARN_UNDECLARED_SELECTOR = YES;
				GCC_WARN_UNINITIALIZED_AUTOS = YES_AGGRESSIVE;
				GCC_WARN_UNUSED_FUNCTION = YES;
				GCC_WARN_UNUSED_VARIABLE = YES;
				IPHONEOS_DEPLOYMENT_TARGET = 8.3;
				MTL_ENABLE_DEBUG_INFO = NO;
				SDKROOT = iphoneos;
				VALIDATE_PRODUCT = YES;
			};
			name = Release;
		};
		63C8E14A1AF090F600EA230A /* Debug */ = {
			isa = XCBuildConfiguration;
			buildSettings = {
				ASSETCATALOG_COMPILER_APPICON_NAME = AppIcon;
				INFOPLIST_FILE = MagicAppSingle/Info.plist;
				LD_RUNPATH_SEARCH_PATHS = "$(inherited) @executable_path/Frameworks";
				PRODUCT_NAME = "$(TARGET_NAME)";
			};
			name = Debug;
		};
		63C8E14B1AF090F600EA230A /* Release */ = {
			isa = XCBuildConfiguration;
			buildSettings = {
				ASSETCATALOG_COMPILER_APPICON_NAME = AppIcon;
				INFOPLIST_FILE = MagicAppSingle/Info.plist;
				LD_RUNPATH_SEARCH_PATHS = "$(inherited) @executable_path/Frameworks";
				PRODUCT_NAME = "$(TARGET_NAME)";
			};
			name = Release;
		};
		63C8E14D1AF090F600EA230A /* Debug */ = {
			isa = XCBuildConfiguration;
			buildSettings = {
				BUNDLE_LOADER = "$(TEST_HOST)";
				FRAMEWORK_SEARCH_PATHS = (
					"$(SDKROOT)/Developer/Library/Frameworks",
					"$(inherited)",
				);
				GCC_PREPROCESSOR_DEFINITIONS = (
					"DEBUG=1",
					"$(inherited)",
				);
				INFOPLIST_FILE = MagicAppSingleTests/Info.plist;
				LD_RUNPATH_SEARCH_PATHS = "$(inherited) @executable_path/Frameworks @loader_path/Frameworks";
				PRODUCT_NAME = "$(TARGET_NAME)";
				TEST_HOST = "$(BUILT_PRODUCTS_DIR)/MagicAppSingle.app/MagicAppSingle";
			};
			name = Debug;
		};
		63C8E14E1AF090F600EA230A /* Release */ = {
			isa = XCBuildConfiguration;
			buildSettings = {
				BUNDLE_LOADER = "$(TEST_HOST)";
				FRAMEWORK_SEARCH_PATHS = (
					"$(SDKROOT)/Developer/Library/Frameworks",
					"$(inherited)",
				);
				INFOPLIST_FILE = MagicAppSingleTests/Info.plist;
				LD_RUNPATH_SEARCH_PATHS = "$(inherited) @executable_path/Frameworks @loader_path/Frameworks";
				PRODUCT_NAME = "$(TARGET_NAME)";
				TEST_HOST = "$(BUILT_PRODUCTS_DIR)/MagicAppSingle.app/MagicAppSingle";
			};
			name = Release;
		};
/* End XCBuildConfiguration section */

/* Begin XCConfigurationList section */
		63C8E1251AF090F600EA230A /* Build configuration list for PBXProject "MagicAppSingle" */ = {
			isa = XCConfigurationList;
			buildConfigurations = (
				63C8E1471AF090F600EA230A /* Debug */,
				63C8E1481AF090F600EA230A /* Release */,
			);
			defaultConfigurationIsVisible = 0;
			defaultConfigurationName = Release;
		};
		63C8E1491AF090F600EA230A /* Build configuration list for PBXNativeTarget "MagicAppSingle" */ = {
			isa = XCConfigurationList;
			buildConfigurations = (
				63C8E14A1AF090F600EA230A /* Debug */,
				63C8E14B1AF090F600EA230A /* Release */,
			);
			defaultConfigurationIsVisible = 0;
		};
		63C8E14C1AF090F600EA230A /* Build configuration list for PBXNativeTarget "MagicAppSingleTests" */ = {
			isa = XCConfigurationList;
			buildConfigurations = (
				63C8E14D1AF090F600EA230A /* Debug */,
				63C8E14E1AF090F600EA230A /* Release */,
			);
			defaultConfigurationIsVisible = 0;
		};
/* End XCConfigurationList section */
	};
	rootObject = 63C8E1221AF090F600EA230A /* Project object */;
}
